// !$*UTF8*$!
{
	archiveVersion = 1;
	classes = {
	};
	objectVersion = 50;
	objects = {

/* Begin PBXBuildFile section */
		FB8E5D7823C2D41F00FDFEAA /* AppDelegate.swift in Sources */ = {isa = PBXBuildFile; fileRef = FB8E5D7723C2D41F00FDFEAA /* AppDelegate.swift */; };
		FB8E5D7F23C2D41F00FDFEAA /* Main.storyboard in Resources */ = {isa = PBXBuildFile; fileRef = FB8E5D7D23C2D41F00FDFEAA /* Main.storyboard */; };
		FB8E5D8123C2D42100FDFEAA /* Assets.xcassets in Resources */ = {isa = PBXBuildFile; fileRef = FB8E5D8023C2D42100FDFEAA /* Assets.xcassets */; };
		FB8E5D8423C2D42100FDFEAA /* LaunchScreen.storyboard in Resources */ = {isa = PBXBuildFile; fileRef = FB8E5D8223C2D42100FDFEAA /* LaunchScreen.storyboard */; };
		FB8E5D8D23C2D4EF00FDFEAA /* Cell.swift in Sources */ = {isa = PBXBuildFile; fileRef = FB8E5D8C23C2D4EF00FDFEAA /* Cell.swift */; };
		FB8E5D9023C2D53300FDFEAA /* Entry.swift in Sources */ = {isa = PBXBuildFile; fileRef = FB8E5D8F23C2D53300FDFEAA /* Entry.swift */; };
		FB8E5D9223C2D56100FDFEAA /* CoreDataStack.swift in Sources */ = {isa = PBXBuildFile; fileRef = FB8E5D9123C2D56100FDFEAA /* CoreDataStack.swift */; };
		FB8E5D9523C2D5CE00FDFEAA /* DiaryListController.swift in Sources */ = {isa = PBXBuildFile; fileRef = FB8E5D9423C2D5CE00FDFEAA /* DiaryListController.swift */; };
		FB8E5D9723C2D61200FDFEAA /* DiaryEntryFormController.swift in Sources */ = {isa = PBXBuildFile; fileRef = FB8E5D9623C2D61200FDFEAA /* DiaryEntryFormController.swift */; };
		FB8E5D9923C2D64600FDFEAA /* LocationPickerController.swift in Sources */ = {isa = PBXBuildFile; fileRef = FB8E5D9823C2D64600FDFEAA /* LocationPickerController.swift */; };
		FB8E5D9C23C2D6BA00FDFEAA /* PhotoPickerManager.swift in Sources */ = {isa = PBXBuildFile; fileRef = FB8E5D9B23C2D6BA00FDFEAA /* PhotoPickerManager.swift */; };
		FB8E5D9E23C2D6E500FDFEAA /* Extensions.swift in Sources */ = {isa = PBXBuildFile; fileRef = FB8E5D9D23C2D6E500FDFEAA /* Extensions.swift */; };
		FB8E5DA123C2D7DD00FDFEAA /* iOS_DiaryApp.xcdatamodeld in Sources */ = {isa = PBXBuildFile; fileRef = FB8E5D9F23C2D7DD00FDFEAA /* iOS_DiaryApp.xcdatamodeld */; };
/* End PBXBuildFile section */

/* Begin PBXFileReference section */
		FB8E5D7423C2D41F00FDFEAA /* DiaryApp.app */ = {isa = PBXFileReference; explicitFileType = wrapper.application; includeInIndex = 0; path = DiaryApp.app; sourceTree = BUILT_PRODUCTS_DIR; };
		FB8E5D7723C2D41F00FDFEAA /* AppDelegate.swift */ = {isa = PBXFileReference; lastKnownFileType = sourcecode.swift; path = AppDelegate.swift; sourceTree = "<group>"; };
		FB8E5D7E23C2D41F00FDFEAA /* Base */ = {isa = PBXFileReference; lastKnownFileType = file.storyboard; name = Base; path = Base.lproj/Main.storyboard; sourceTree = "<group>"; };
		FB8E5D8023C2D42100FDFEAA /* Assets.xcassets */ = {isa = PBXFileReference; lastKnownFileType = folder.assetcatalog; path = Assets.xcassets; sourceTree = "<group>"; };
		FB8E5D8323C2D42100FDFEAA /* Base */ = {isa = PBXFileReference; lastKnownFileType = file.storyboard; name = Base; path = Base.lproj/LaunchScreen.storyboard; sourceTree = "<group>"; };
		FB8E5D8523C2D42100FDFEAA /* Info.plist */ = {isa = PBXFileReference; lastKnownFileType = text.plist.xml; path = Info.plist; sourceTree = "<group>"; };
		FB8E5D8C23C2D4EF00FDFEAA /* Cell.swift */ = {isa = PBXFileReference; lastKnownFileType = sourcecode.swift; path = Cell.swift; sourceTree = "<group>"; };
		FB8E5D8F23C2D53300FDFEAA /* Entry.swift */ = {isa = PBXFileReference; lastKnownFileType = sourcecode.swift; path = Entry.swift; sourceTree = "<group>"; };
		FB8E5D9123C2D56100FDFEAA /* CoreDataStack.swift */ = {isa = PBXFileReference; lastKnownFileType = sourcecode.swift; path = CoreDataStack.swift; sourceTree = "<group>"; };
		FB8E5D9423C2D5CE00FDFEAA /* DiaryListController.swift */ = {isa = PBXFileReference; lastKnownFileType = sourcecode.swift; path = DiaryListController.swift; sourceTree = "<group>"; };
		FB8E5D9623C2D61200FDFEAA /* DiaryEntryFormController.swift */ = {isa = PBXFileReference; lastKnownFileType = sourcecode.swift; path = DiaryEntryFormController.swift; sourceTree = "<group>"; };
		FB8E5D9823C2D64600FDFEAA /* LocationPickerController.swift */ = {isa = PBXFileReference; lastKnownFileType = sourcecode.swift; path = LocationPickerController.swift; sourceTree = "<group>"; };
		FB8E5D9B23C2D6BA00FDFEAA /* PhotoPickerManager.swift */ = {isa = PBXFileReference; lastKnownFileType = sourcecode.swift; path = PhotoPickerManager.swift; sourceTree = "<group>"; };
		FB8E5D9D23C2D6E500FDFEAA /* Extensions.swift */ = {isa = PBXFileReference; lastKnownFileType = sourcecode.swift; path = Extensions.swift; sourceTree = "<group>"; };
		FB8E5DA023C2D7DD00FDFEAA /* iOS_DiaryApp.xcdatamodel */ = {isa = PBXFileReference; lastKnownFileType = wrapper.xcdatamodel; path = iOS_DiaryApp.xcdatamodel; sourceTree = "<group>"; };
/* End PBXFileReference section */

/* Begin PBXFrameworksBuildPhase section */
		FB8E5D7123C2D41F00FDFEAA /* Frameworks */ = {
			isa = PBXFrameworksBuildPhase;
			buildActionMask = 2147483647;
			files = (
			);
			runOnlyForDeploymentPostprocessing = 0;
		};
/* End PBXFrameworksBuildPhase section */

/* Begin PBXGroup section */
		FB8E5D6B23C2D41E00FDFEAA = {
			isa = PBXGroup;
			children = (
				FB8E5D7623C2D41F00FDFEAA /* DiaryApp */,
				FB8E5D7523C2D41F00FDFEAA /* Products */,
			);
			sourceTree = "<group>";
		};
		FB8E5D7523C2D41F00FDFEAA /* Products */ = {
			isa = PBXGroup;
			children = (
				FB8E5D7423C2D41F00FDFEAA /* DiaryApp.app */,
			);
			name = Products;
			sourceTree = "<group>";
		};
		FB8E5D7623C2D41F00FDFEAA /* DiaryApp */ = {
			isa = PBXGroup;
			children = (
				FB8E5D8B23C2D44D00FDFEAA /* View */,
				FB8E5D8E23C2D51400FDFEAA /* Model */,
				FB8E5D9323C2D58400FDFEAA /* Controller */,
				FB8E5D9A23C2D68700FDFEAA /* Helper */,
				FB8E5D7723C2D41F00FDFEAA /* AppDelegate.swift */,
				FB8E5D8023C2D42100FDFEAA /* Assets.xcassets */,
				FB8E5D8223C2D42100FDFEAA /* LaunchScreen.storyboard */,
				FB8E5D8523C2D42100FDFEAA /* Info.plist */,
				FB8E5D9F23C2D7DD00FDFEAA /* iOS_DiaryApp.xcdatamodeld */,
			);
			path = DiaryApp;
			sourceTree = "<group>";
		};
		FB8E5D8B23C2D44D00FDFEAA /* View */ = {
			isa = PBXGroup;
			children = (
				FB8E5D7D23C2D41F00FDFEAA /* Main.storyboard */,
				FB8E5D8C23C2D4EF00FDFEAA /* Cell.swift */,
			);
			path = View;
			sourceTree = "<group>";
		};
		FB8E5D8E23C2D51400FDFEAA /* Model */ = {
			isa = PBXGroup;
			children = (
				FB8E5D8F23C2D53300FDFEAA /* Entry.swift */,
				FB8E5D9123C2D56100FDFEAA /* CoreDataStack.swift */,
			);
			path = Model;
			sourceTree = "<group>";
		};
		FB8E5D9323C2D58400FDFEAA /* Controller */ = {
			isa = PBXGroup;
			children = (
				FB8E5D9423C2D5CE00FDFEAA /* DiaryListController.swift */,
				FB8E5D9623C2D61200FDFEAA /* DiaryEntryFormController.swift */,
				FB8E5D9823C2D64600FDFEAA /* LocationPickerController.swift */,
			);
			path = Controller;
			sourceTree = "<group>";
		};
		FB8E5D9A23C2D68700FDFEAA /* Helper */ = {
			isa = PBXGroup;
			children = (
				FB8E5D9B23C2D6BA00FDFEAA /* PhotoPickerManager.swift */,
				FB8E5D9D23C2D6E500FDFEAA /* Extensions.swift */,
			);
			path = Helper;
			sourceTree = "<group>";
		};
/* End PBXGroup section */

/* Begin PBXNativeTarget section */
		FB8E5D7323C2D41F00FDFEAA /* DiaryApp */ = {
			isa = PBXNativeTarget;
			buildConfigurationList = FB8E5D8823C2D42100FDFEAA /* Build configuration list for PBXNativeTarget "DiaryApp" */;
			buildPhases = (
				FB8E5D7023C2D41F00FDFEAA /* Sources */,
				FB8E5D7123C2D41F00FDFEAA /* Frameworks */,
				FB8E5D7223C2D41F00FDFEAA /* Resources */,
			);
			buildRules = (
			);
			dependencies = (
			);
			name = DiaryApp;
			productName = DiaryApp;
			productReference = FB8E5D7423C2D41F00FDFEAA /* DiaryApp.app */;
			productType = "com.apple.product-type.application";
		};
/* End PBXNativeTarget section */

/* Begin PBXProject section */
		FB8E5D6C23C2D41E00FDFEAA /* Project object */ = {
			isa = PBXProject;
			attributes = {
				LastSwiftUpdateCheck = 1130;
				LastUpgradeCheck = 1130;
				ORGANIZATIONNAME = thechoygroup;
				TargetAttributes = {
					FB8E5D7323C2D41F00FDFEAA = {
						CreatedOnToolsVersion = 11.3;
					};
				};
			};
			buildConfigurationList = FB8E5D6F23C2D41E00FDFEAA /* Build configuration list for PBXProject "DiaryApp" */;
			compatibilityVersion = "Xcode 9.3";
			developmentRegion = en;
			hasScannedForEncodings = 0;
			knownRegions = (
				en,
				Base,
			);
			mainGroup = FB8E5D6B23C2D41E00FDFEAA;
			productRefGroup = FB8E5D7523C2D41F00FDFEAA /* Products */;
			projectDirPath = "";
			projectRoot = "";
			targets = (
				FB8E5D7323C2D41F00FDFEAA /* DiaryApp */,
			);
		};
/* End PBXProject section */

/* Begin PBXResourcesBuildPhase section */
		FB8E5D7223C2D41F00FDFEAA /* Resources */ = {
			isa = PBXResourcesBuildPhase;
			buildActionMask = 2147483647;
			files = (
				FB8E5D8423C2D42100FDFEAA /* LaunchScreen.storyboard in Resources */,
				FB8E5D8123C2D42100FDFEAA /* Assets.xcassets in Resources */,
				FB8E5D7F23C2D41F00FDFEAA /* Main.storyboard in Resources */,
			);
			runOnlyForDeploymentPostprocessing = 0;
		};
/* End PBXResourcesBuildPhase section */

/* Begin PBXSourcesBuildPhase section */
		FB8E5D7023C2D41F00FDFEAA /* Sources */ = {
			isa = PBXSourcesBuildPhase;
			buildActionMask = 2147483647;
			files = (
				FB8E5D9523C2D5CE00FDFEAA /* DiaryListController.swift in Sources */,
				FB8E5D9023C2D53300FDFEAA /* Entry.swift in Sources */,
				FB8E5D8D23C2D4EF00FDFEAA /* Cell.swift in Sources */,
				FB8E5D9723C2D61200FDFEAA /* DiaryEntryFormController.swift in Sources */,
				FB8E5D9223C2D56100FDFEAA /* CoreDataStack.swift in Sources */,
				FB8E5D7823C2D41F00FDFEAA /* AppDelegate.swift in Sources */,
				FB8E5D9C23C2D6BA00FDFEAA /* PhotoPickerManager.swift in Sources */,
				FB8E5D9E23C2D6E500FDFEAA /* Extensions.swift in Sources */,
				FB8E5D9923C2D64600FDFEAA /* LocationPickerController.swift in Sources */,
				FB8E5DA123C2D7DD00FDFEAA /* iOS_DiaryApp.xcdatamodeld in Sources */,
			);
			runOnlyForDeploymentPostprocessing = 0;
		};
/* End PBXSourcesBuildPhase section */

/* Begin PBXVariantGroup section */
		FB8E5D7D23C2D41F00FDFEAA /* Main.storyboard */ = {
			isa = PBXVariantGroup;
			children = (
				FB8E5D7E23C2D41F00FDFEAA /* Base */,
			);
			name = Main.storyboard;
			sourceTree = "<group>";
		};
		FB8E5D8223C2D42100FDFEAA /* LaunchScreen.storyboard */ = {
			isa = PBXVariantGroup;
			children = (
				FB8E5D8323C2D42100FDFEAA /* Base */,
			);
			name = LaunchScreen.storyboard;
			sourceTree = "<group>";
		};
/* End PBXVariantGroup section */

/* Begin XCBuildConfiguration section */
		FB8E5D8623C2D42100FDFEAA /* Debug */ = {
			isa = XCBuildConfiguration;
			buildSettings = {
				ALWAYS_SEARCH_USER_PATHS = NO;
				CLANG_ANALYZER_NONNULL = YES;
				CLANG_ANALYZER_NUMBER_OBJECT_CONVERSION = YES_AGGRESSIVE;
				CLANG_CXX_LANGUAGE_STANDARD = "gnu++14";
				CLANG_CXX_LIBRARY = "libc++";
				CLANG_ENABLE_MODULES = YES;
				CLANG_ENABLE_OBJC_ARC = YES;
				CLANG_ENABLE_OBJC_WEAK = YES;
				CLANG_WARN_BLOCK_CAPTURE_AUTORELEASING = YES;
				CLANG_WARN_BOOL_CONVERSION = YES;
				CLANG_WARN_COMMA = YES;
				CLANG_WARN_CONSTANT_CONVERSION = YES;
				CLANG_WARN_DEPRECATED_OBJC_IMPLEMENTATIONS = YES;
				CLANG_WARN_DIRECT_OBJC_ISA_USAGE = YES_ERROR;
				CLANG_WARN_DOCUMENTATION_COMMENTS = YES;
				CLANG_WARN_EMPTY_BODY = YES;
				CLANG_WARN_ENUM_CONVERSION = YES;
				CLANG_WARN_INFINITE_RECURSION = YES;
				CLANG_WARN_INT_CONVERSION = YES;
				CLANG_WARN_NON_LITERAL_NULL_CONVERSION = YES;
				CLANG_WARN_OBJC_IMPLICIT_RETAIN_SELF = YES;
				CLANG_WARN_OBJC_LITERAL_CONVERSION = YES;
				CLANG_WARN_OBJC_ROOT_CLASS = YES_ERROR;
				CLANG_WARN_RANGE_LOOP_ANALYSIS = YES;
				CLANG_WARN_STRICT_PROTOTYPES = YES;
				CLANG_WARN_SUSPICIOUS_MOVE = YES;
				CLANG_WARN_UNGUARDED_AVAILABILITY = YES_AGGRESSIVE;
				CLANG_WARN_UNREACHABLE_CODE = YES;
				CLANG_WARN__DUPLICATE_METHOD_MATCH = YES;
				COPY_PHASE_STRIP = NO;
				DEBUG_INFORMATION_FORMAT = dwarf;
				ENABLE_STRICT_OBJC_MSGSEND = YES;
				ENABLE_TESTABILITY = YES;
				GCC_C_LANGUAGE_STANDARD = gnu11;
				GCC_DYNAMIC_NO_PIC = NO;
				GCC_NO_COMMON_BLOCKS = YES;
				GCC_OPTIMIZATION_LEVEL = 0;
				GCC_PREPROCESSOR_DEFINITIONS = (
					"DEBUG=1",
					"$(inherited)",
				);
				GCC_WARN_64_TO_32_BIT_CONVERSION = YES;
				GCC_WARN_ABOUT_RETURN_TYPE = YES_ERROR;
				GCC_WARN_UNDECLARED_SELECTOR = YES;
				GCC_WARN_UNINITIALIZED_AUTOS = YES_AGGRESSIVE;
				GCC_WARN_UNUSED_FUNCTION = YES;
				GCC_WARN_UNUSED_VARIABLE = YES;
				IPHONEOS_DEPLOYMENT_TARGET = 13.2;
				MTL_ENABLE_DEBUG_INFO = INCLUDE_SOURCE;
				MTL_FAST_MATH = YES;
				ONLY_ACTIVE_ARCH = YES;
				SDKROOT = iphoneos;
				SWIFT_ACTIVE_COMPILATION_CONDITIONS = DEBUG;
				SWIFT_OPTIMIZATION_LEVEL = "-Onone";
			};
			name = Debug;
		};
		FB8E5D8723C2D42100FDFEAA /* Release */ = {
			isa = XCBuildConfiguration;
			buildSettings = {
				ALWAYS_SEARCH_USER_PATHS = NO;
				CLANG_ANALYZER_NONNULL = YES;
				CLANG_ANALYZER_NUMBER_OBJECT_CONVERSION = YES_AGGRESSIVE;
				CLANG_CXX_LANGUAGE_STANDARD = "gnu++14";
				CLANG_CXX_LIBRARY = "libc++";
				CLANG_ENABLE_MODULES = YES;
				CLANG_ENABLE_OBJC_ARC = YES;
				CLANG_ENABLE_OBJC_WEAK = YES;
				CLANG_WARN_BLOCK_CAPTURE_AUTORELEASING = YES;
				CLANG_WARN_BOOL_CONVERSION = YES;
				CLANG_WARN_COMMA = YES;
				CLANG_WARN_CONSTANT_CONVERSION = YES;
				CLANG_WARN_DEPRECATED_OBJC_IMPLEMENTATIONS = YES;
				CLANG_WARN_DIRECT_OBJC_ISA_USAGE = YES_ERROR;
				CLANG_WARN_DOCUMENTATION_COMMENTS = YES;
				CLANG_WARN_EMPTY_BODY = YES;
				CLANG_WARN_ENUM_CONVERSION = YES;
				CLANG_WARN_INFINITE_RECURSION = YES;
				CLANG_WARN_INT_CONVERSION = YES;
				CLANG_WARN_NON_LITERAL_NULL_CONVERSION = YES;
				CLANG_WARN_OBJC_IMPLICIT_RETAIN_SELF = YES;
				CLANG_WARN_OBJC_LITERAL_CONVERSION = YES;
				CLANG_WARN_OBJC_ROOT_CLASS = YES_ERROR;
				CLANG_WARN_RANGE_LOOP_ANALYSIS = YES;
				CLANG_WARN_STRICT_PROTOTYPES = YES;
				CLANG_WARN_SUSPICIOUS_MOVE = YES;
				CLANG_WARN_UNGUARDED_AVAILABILITY = YES_AGGRESSIVE;
				CLANG_WARN_UNREACHABLE_CODE = YES;
				CLANG_WARN__DUPLICATE_METHOD_MATCH = YES;
				COPY_PHASE_STRIP = NO;
				DEBUG_INFORMATION_FORMAT = "dwarf-with-dsym";
				ENABLE_NS_ASSERTIONS = NO;
				ENABLE_STRICT_OBJC_MSGSEND = YES;
				GCC_C_LANGUAGE_STANDARD = gnu11;
				GCC_NO_COMMON_BLOCKS = YES;
				GCC_WARN_64_TO_32_BIT_CONVERSION = YES;
				GCC_WARN_ABOUT_RETURN_TYPE = YES_ERROR;
				GCC_WARN_UNDECLARED_SELECTOR = YES;
				GCC_WARN_UNINITIALIZED_AUTOS = YES_AGGRESSIVE;
				GCC_WARN_UNUSED_FUNCTION = YES;
				GCC_WARN_UNUSED_VARIABLE = YES;
				IPHONEOS_DEPLOYMENT_TARGET = 13.2;
				MTL_ENABLE_DEBUG_INFO = NO;
				MTL_FAST_MATH = YES;
				SDKROOT = iphoneos;
				SWIFT_COMPILATION_MODE = wholemodule;
				SWIFT_OPTIMIZATION_LEVEL = "-O";
				VALIDATE_PRODUCT = YES;
			};
			name = Release;
		};
		FB8E5D8923C2D42100FDFEAA /* Debug */ = {
			isa = XCBuildConfiguration;
			buildSettings = {
				ASSETCATALOG_COMPILER_APPICON_NAME = AppIcon;
				CODE_SIGN_STYLE = Automatic;
				DEVELOPMENT_TEAM = P6W28U4TCR;
				INFOPLIST_FILE = DiaryApp/Info.plist;
				LD_RUNPATH_SEARCH_PATHS = (
					"$(inherited)",
					"@executable_path/Frameworks",
				);
				PRODUCT_BUNDLE_IDENTIFIER = com.thechoygroup.DiaryApp;
				PRODUCT_NAME = "$(TARGET_NAME)";
				SWIFT_VERSION = 5.0;
				TARGETED_DEVICE_FAMILY = "1,2";
			};
			name = Debug;
		};
		FB8E5D8A23C2D42100FDFEAA /* Release */ = {
			isa = XCBuildConfiguration;
			buildSettings = {
				ASSETCATALOG_COMPILER_APPICON_NAME = AppIcon;
				CODE_SIGN_STYLE = Automatic;
				DEVELOPMENT_TEAM = P6W28U4TCR;
				INFOPLIST_FILE = DiaryApp/Info.plist;
				LD_RUNPATH_SEARCH_PATHS = (
					"$(inherited)",
					"@executable_path/Frameworks",
				);
				PRODUCT_BUNDLE_IDENTIFIER = com.thechoygroup.DiaryApp;
				PRODUCT_NAME = "$(TARGET_NAME)";
				SWIFT_VERSION = 5.0;
				TARGETED_DEVICE_FAMILY = "1,2";
			};
			name = Release;
		};
/* End XCBuildConfiguration section */

/* Begin XCConfigurationList section */
		FB8E5D6F23C2D41E00FDFEAA /* Build configuration list for PBXProject "DiaryApp" */ = {
			isa = XCConfigurationList;
			buildConfigurations = (
				FB8E5D8623C2D42100FDFEAA /* Debug */,
				FB8E5D8723C2D42100FDFEAA /* Release */,
			);
			defaultConfigurationIsVisible = 0;
			defaultConfigurationName = Release;
		};
		FB8E5D8823C2D42100FDFEAA /* Build configuration list for PBXNativeTarget "DiaryApp" */ = {
			isa = XCConfigurationList;
			buildConfigurations = (
				FB8E5D8923C2D42100FDFEAA /* Debug */,
				FB8E5D8A23C2D42100FDFEAA /* Release */,
			);
			defaultConfigurationIsVisible = 0;
			defaultConfigurationName = Release;
		};
/* End XCConfigurationList section */

/* Begin XCVersionGroup section */
		FB8E5D9F23C2D7DD00FDFEAA /* iOS_DiaryApp.xcdatamodeld */ = {
			isa = XCVersionGroup;
			children = (
				FB8E5DA023C2D7DD00FDFEAA /* iOS_DiaryApp.xcdatamodel */,
			);
			currentVersion = FB8E5DA023C2D7DD00FDFEAA /* iOS_DiaryApp.xcdatamodel */;
			path = iOS_DiaryApp.xcdatamodeld;
			sourceTree = "<group>";
			versionGroupType = wrapper.xcdatamodel;
		};
/* End XCVersionGroup section */
	};
	rootObject = FB8E5D6C23C2D41E00FDFEAA /* Project object */;
}
